
Microsoft Visual Studio Solution File, Format Version 12.00
# Visual Studio Version 16
VisualStudioVersion = 16.0.31019.35
MinimumVisualStudioVersion = 10.0.40219.1
Project("{9A19103F-16F7-4668-BE54-9A1E7A4F7556}") = "RecipeNotebook", "RecipeNotebook\RecipeNotebook.csproj", "{154D4030-5C38-45FC-9B47-F579DFD20F9C}"
EndProject
Project("{FAE04EC0-301F-11D3-BF4B-00C04F79EFBC}") = "RecipeNotebook.Android", "RecipeNotebook.Android\RecipeNotebook.Android.csproj", "{872D6F54-6926-48D7-851B-F03DFBD95B87}"
EndProject
Project("{FAE04EC0-301F-11D3-BF4B-00C04F79EFBC}") = "RecipeNotebook.iOS", "RecipeNotebook.iOS\RecipeNotebook.iOS.csproj", "{64453F2B-1DE4-4991-BBDF-19572927CA74}"
EndProject
Global
	GlobalSection(SolutionConfigurationPlatforms) = preSolution
		Debug|Any CPU = Debug|Any CPU
		Debug|iPhone = Debug|iPhone
		Debug|iPhoneSimulator = Debug|iPhoneSimulator
		Release|Any CPU = Release|Any CPU
		Release|iPhone = Release|iPhone
		Release|iPhoneSimulator = Release|iPhoneSimulator
	EndGlobalSection
	GlobalSection(ProjectConfigurationPlatforms) = postSolution
		{154D4030-5C38-45FC-9B47-F579DFD20F9C}.Debug|Any CPU.ActiveCfg = Debug|Any CPU
		{154D4030-5C38-45FC-9B47-F579DFD20F9C}.Debug|Any CPU.Build.0 = Debug|Any CPU
		{154D4030-5C38-45FC-9B47-F579DFD20F9C}.Debug|iPhone.ActiveCfg = Debug|Any CPU
		{154D4030-5C38-45FC-9B47-F579DFD20F9C}.Debug|iPhone.Build.0 = Debug|Any CPU
		{154D4030-5C38-45FC-9B47-F579DFD20F9C}.Debug|iPhoneSimulator.ActiveCfg = Debug|Any CPU
		{154D4030-5C38-45FC-9B47-F579DFD20F9C}.Debug|iPhoneSimulator.Build.0 = Debug|Any CPU
		{154D4030-5C38-45FC-9B47-F579DFD20F9C}.Release|Any CPU.ActiveCfg = Release|Any CPU
		{154D4030-5C38-45FC-9B47-F579DFD20F9C}.Release|Any CPU.Build.0 = Release|Any CPU
		{154D4030-5C38-45FC-9B47-F579DFD20F9C}.Release|iPhone.ActiveCfg = Release|Any CPU
		{154D4030-5C38-45FC-9B47-F579DFD20F9C}.Release|iPhone.Build.0 = Release|Any CPU
		{154D4030-5C38-45FC-9B47-F579DFD20F9C}.Release|iPhoneSimulator.ActiveCfg = Release|Any CPU
		{154D4030-5C38-45FC-9B47-F579DFD20F9C}.Release|iPhoneSimulator.Build.0 = Release|Any CPU
		{872D6F54-6926-48D7-851B-F03DFBD95B87}.Debug|Any CPU.ActiveCfg = Debug|Any CPU
		{872D6F54-6926-48D7-851B-F03DFBD95B87}.Debug|Any CPU.Build.0 = Debug|Any CPU
		{872D6F54-6926-48D7-851B-F03DFBD95B87}.Debug|Any CPU.Deploy.0 = Debug|Any CPU
		{872D6F54-6926-48D7-851B-F03DFBD95B87}.Debug|iPhone.ActiveCfg = Debug|Any CPU
		{872D6F54-6926-48D7-851B-F03DFBD95B87}.Debug|iPhone.Build.0 = Debug|Any CPU
		{872D6F54-6926-48D7-851B-F03DFBD95B87}.Debug|iPhone.Deploy.0 = Debug|Any CPU
		{872D6F54-6926-48D7-851B-F03DFBD95B87}.Debug|iPhoneSimulator.ActiveCfg = Debug|Any CPU
		{872D6F54-6926-48D7-851B-F03DFBD95B87}.Debug|iPhoneSimulator.Build.0 = Debug|Any CPU
		{872D6F54-6926-48D7-851B-F03DFBD95B87}.Debug|iPhoneSimulator.Deploy.0 = Debug|Any CPU
		{872D6F54-6926-48D7-851B-F03DFBD95B87}.Release|Any CPU.ActiveCfg = Release|Any CPU
		{872D6F54-6926-48D7-851B-F03DFBD95B87}.Release|Any CPU.Build.0 = Release|Any CPU
		{872D6F54-6926-48D7-851B-F03DFBD95B87}.Release|Any CPU.Deploy.0 = Release|Any CPU
		{872D6F54-6926-48D7-851B-F03DFBD95B87}.Release|iPhone.ActiveCfg = Release|Any CPU
		{872D6F54-6926-48D7-851B-F03DFBD95B87}.Release|iPhone.Build.0 = Release|Any CPU
		{872D6F54-6926-48D7-851B-F03DFBD95B87}.Release|iPhone.Deploy.0 = Release|Any CPU
		{872D6F54-6926-48D7-851B-F03DFBD95B87}.Release|iPhoneSimulator.ActiveCfg = Release|Any CPU
		{872D6F54-6926-48D7-851B-F03DFBD95B87}.Release|iPhoneSimulator.Build.0 = Release|Any CPU
		{872D6F54-6926-48D7-851B-F03DFBD95B87}.Release|iPhoneSimulator.Deploy.0 = Release|Any CPU
		{64453F2B-1DE4-4991-BBDF-19572927CA74}.Debug|Any CPU.ActiveCfg = Debug|iPhoneSimulator
		{64453F2B-1DE4-4991-BBDF-19572927CA74}.Debug|iPhone.ActiveCfg = Debug|iPhone
		{64453F2B-1DE4-4991-BBDF-19572927CA74}.Debug|iPhone.Build.0 = Debug|iPhone
		{64453F2B-1DE4-4991-BBDF-19572927CA74}.Debug|iPhoneSimulator.ActiveCfg = Debug|iPhoneSimulator
		{64453F2B-1DE4-4991-BBDF-19572927CA74}.Debug|iPhoneSimulator.Build.0 = Debug|iPhoneSimulator
		{64453F2B-1DE4-4991-BBDF-19572927CA74}.Release|Any CPU.ActiveCfg = Release|iPhoneSimulator
		{64453F2B-1DE4-4991-BBDF-19572927CA74}.Release|iPhone.ActiveCfg = Release|iPhone
		{64453F2B-1DE4-4991-BBDF-19572927CA74}.Release|iPhone.Build.0 = Release|iPhone
		{64453F2B-1DE4-4991-BBDF-19572927CA74}.Release|iPhoneSimulator.ActiveCfg = Release|iPhoneSimulator
		{64453F2B-1DE4-4991-BBDF-19572927CA74}.Release|iPhoneSimulator.Build.0 = Release|iPhoneSimulator
	EndGlobalSection
	GlobalSection(SolutionProperties) = preSolution
		HideSolutionNode = FALSE
	EndGlobalSection
	GlobalSection(ExtensibilityGlobals) = postSolution
		SolutionGuid = {788C9653-DB0B-41E9-A87F-A6646C069EBC}
	EndGlobalSection
EndGlobal
